// !$*UTF8*$!
{
	archiveVersion = 1;
	classes = {
	};
	objectVersion = 51;
	objects = {

/* Begin PBXBuildFile section */
		DA82781A26809A4800A88FFB /* settingTableViewController.swift in Sources */ = {isa = PBXBuildFile; fileRef = DA82781926809A4800A88FFB /* settingTableViewController.swift */; };
		DA875A5F2640019E003D9A5F /* CalendarViewController.swift in Sources */ = {isa = PBXBuildFile; fileRef = DA875A5E2640019E003D9A5F /* CalendarViewController.swift */; };
		DA875A6226402E8B003D9A5F /* Pods_ONEMORE.framework in Frameworks */ = {isa = PBXBuildFile; fileRef = 40BCCD766B3F648CFADAD2CB /* Pods_ONEMORE.framework */; };
		DAA60519263BE7C8009D1101 /* AppDelegate.swift in Sources */ = {isa = PBXBuildFile; fileRef = DAA60518263BE7C8009D1101 /* AppDelegate.swift */; };
		DAA6051B263BE7C8009D1101 /* SceneDelegate.swift in Sources */ = {isa = PBXBuildFile; fileRef = DAA6051A263BE7C8009D1101 /* SceneDelegate.swift */; };
		DAA60520263BE7C8009D1101 /* Main.storyboard in Resources */ = {isa = PBXBuildFile; fileRef = DAA6051E263BE7C8009D1101 /* Main.storyboard */; };
		DAA60523263BE7C8009D1101 /* ONEMORE.xcdatamodeld in Sources */ = {isa = PBXBuildFile; fileRef = DAA60521263BE7C8009D1101 /* ONEMORE.xcdatamodeld */; };
		DAA60525263BE7CA009D1101 /* Assets.xcassets in Resources */ = {isa = PBXBuildFile; fileRef = DAA60524263BE7CA009D1101 /* Assets.xcassets */; };
		DAA60528263BE7CA009D1101 /* LaunchScreen.storyboard in Resources */ = {isa = PBXBuildFile; fileRef = DAA60526263BE7CA009D1101 /* LaunchScreen.storyboard */; };
		DAA60535263C2FAF009D1101 /* MemoTableViewController.swift in Sources */ = {isa = PBXBuildFile; fileRef = DAA60534263C2FAF009D1101 /* MemoTableViewController.swift */; };
		DAA60537263CEAFE009D1101 /* ComposeViewController.swift in Sources */ = {isa = PBXBuildFile; fileRef = DAA60536263CEAFE009D1101 /* ComposeViewController.swift */; };
		DAA60539263CF445009D1101 /* UIViewController+Alert.swift in Sources */ = {isa = PBXBuildFile; fileRef = DAA60538263CF445009D1101 /* UIViewController+Alert.swift */; };
		DAA6053B263CFDC0009D1101 /* DetailViewController.swift in Sources */ = {isa = PBXBuildFile; fileRef = DAA6053A263CFDC0009D1101 /* DetailViewController.swift */; };
		DAA6053E263D0937009D1101 /* DataManager.swift in Sources */ = {isa = PBXBuildFile; fileRef = DAA6053D263D0937009D1101 /* DataManager.swift */; };
		DAAE3C8126807BC300029943 /* NotificationTableViewController.swift in Sources */ = {isa = PBXBuildFile; fileRef = DAAE3C8026807BC300029943 /* NotificationTableViewController.swift */; };
		DAAE3C8326807C2400029943 /* notiDataManager.swift in Sources */ = {isa = PBXBuildFile; fileRef = DAAE3C8226807C2400029943 /* notiDataManager.swift */; };
		DAAE3C8526807FC900029943 /* notiComposeViewController.swift in Sources */ = {isa = PBXBuildFile; fileRef = DAAE3C8426807FC900029943 /* notiComposeViewController.swift */; };
		DAAE3C872680883300029943 /* notiDetailViewController.swift in Sources */ = {isa = PBXBuildFile; fileRef = DAAE3C862680883300029943 /* notiDetailViewController.swift */; };
/* End PBXBuildFile section */

/* Begin PBXFileReference section */
		40BCCD766B3F648CFADAD2CB /* Pods_ONEMORE.framework */ = {isa = PBXFileReference; explicitFileType = wrapper.framework; includeInIndex = 0; path = Pods_ONEMORE.framework; sourceTree = BUILT_PRODUCTS_DIR; };
		4CCA3918ACC8ADEEDBB891BA /* Pods-ONEMORE.debug.xcconfig */ = {isa = PBXFileReference; includeInIndex = 1; lastKnownFileType = text.xcconfig; name = "Pods-ONEMORE.debug.xcconfig"; path = "Target Support Files/Pods-ONEMORE/Pods-ONEMORE.debug.xcconfig"; sourceTree = "<group>"; };
		DA82781926809A4800A88FFB /* settingTableViewController.swift */ = {isa = PBXFileReference; lastKnownFileType = sourcecode.swift; path = settingTableViewController.swift; sourceTree = "<group>"; };
		DA875A5E2640019E003D9A5F /* CalendarViewController.swift */ = {isa = PBXFileReference; lastKnownFileType = sourcecode.swift; path = CalendarViewController.swift; sourceTree = "<group>"; };
		DAA60515263BE7C8009D1101 /* ONEMORE.app */ = {isa = PBXFileReference; explicitFileType = wrapper.application; includeInIndex = 0; path = ONEMORE.app; sourceTree = BUILT_PRODUCTS_DIR; };
		DAA60518263BE7C8009D1101 /* AppDelegate.swift */ = {isa = PBXFileReference; lastKnownFileType = sourcecode.swift; path = AppDelegate.swift; sourceTree = "<group>"; };
		DAA6051A263BE7C8009D1101 /* SceneDelegate.swift */ = {isa = PBXFileReference; lastKnownFileType = sourcecode.swift; path = SceneDelegate.swift; sourceTree = "<group>"; };
		DAA6051F263BE7C8009D1101 /* Base */ = {isa = PBXFileReference; lastKnownFileType = file.storyboard; name = Base; path = Base.lproj/Main.storyboard; sourceTree = "<group>"; };
		DAA60522263BE7C8009D1101 /* ONEMORE.xcdatamodel */ = {isa = PBXFileReference; lastKnownFileType = wrapper.xcdatamodel; path = ONEMORE.xcdatamodel; sourceTree = "<group>"; };
		DAA60524263BE7CA009D1101 /* Assets.xcassets */ = {isa = PBXFileReference; lastKnownFileType = folder.assetcatalog; path = Assets.xcassets; sourceTree = "<group>"; };
		DAA60527263BE7CA009D1101 /* Base */ = {isa = PBXFileReference; lastKnownFileType = file.storyboard; name = Base; path = Base.lproj/LaunchScreen.storyboard; sourceTree = "<group>"; };
		DAA60529263BE7CA009D1101 /* Info.plist */ = {isa = PBXFileReference; lastKnownFileType = text.plist.xml; path = Info.plist; sourceTree = "<group>"; };
		DAA60534263C2FAF009D1101 /* MemoTableViewController.swift */ = {isa = PBXFileReference; lastKnownFileType = sourcecode.swift; path = MemoTableViewController.swift; sourceTree = "<group>"; };
		DAA60536263CEAFE009D1101 /* ComposeViewController.swift */ = {isa = PBXFileReference; lastKnownFileType = sourcecode.swift; path = ComposeViewController.swift; sourceTree = "<group>"; };
		DAA60538263CF445009D1101 /* UIViewController+Alert.swift */ = {isa = PBXFileReference; lastKnownFileType = sourcecode.swift; path = "UIViewController+Alert.swift"; sourceTree = "<group>"; };
		DAA6053A263CFDC0009D1101 /* DetailViewController.swift */ = {isa = PBXFileReference; lastKnownFileType = sourcecode.swift; path = DetailViewController.swift; sourceTree = "<group>"; };
		DAA6053D263D0937009D1101 /* DataManager.swift */ = {isa = PBXFileReference; lastKnownFileType = sourcecode.swift; path = DataManager.swift; sourceTree = "<group>"; };
		DAAE3C8026807BC300029943 /* NotificationTableViewController.swift */ = {isa = PBXFileReference; lastKnownFileType = sourcecode.swift; path = NotificationTableViewController.swift; sourceTree = "<group>"; };
		DAAE3C8226807C2400029943 /* notiDataManager.swift */ = {isa = PBXFileReference; lastKnownFileType = sourcecode.swift; path = notiDataManager.swift; sourceTree = "<group>"; };
		DAAE3C8426807FC900029943 /* notiComposeViewController.swift */ = {isa = PBXFileReference; lastKnownFileType = sourcecode.swift; path = notiComposeViewController.swift; sourceTree = "<group>"; };
		DAAE3C862680883300029943 /* notiDetailViewController.swift */ = {isa = PBXFileReference; lastKnownFileType = sourcecode.swift; path = notiDetailViewController.swift; sourceTree = "<group>"; };
		EB86BEADCF161296C32398CB /* Pods-ONEMORE.release.xcconfig */ = {isa = PBXFileReference; includeInIndex = 1; lastKnownFileType = text.xcconfig; name = "Pods-ONEMORE.release.xcconfig"; path = "Target Support Files/Pods-ONEMORE/Pods-ONEMORE.release.xcconfig"; sourceTree = "<group>"; };
/* End PBXFileReference section */

/* Begin PBXFrameworksBuildPhase section */
		DAA60512263BE7C8009D1101 /* Frameworks */ = {
			isa = PBXFrameworksBuildPhase;
			buildActionMask = 2147483647;
			files = (
				DA875A6226402E8B003D9A5F /* Pods_ONEMORE.framework in Frameworks */,
			);
			runOnlyForDeploymentPostprocessing = 0;
		};
/* End PBXFrameworksBuildPhase section */

/* Begin PBXGroup section */
		2C477561D9B44B54A2688C76 /* Frameworks */ = {
			isa = PBXGroup;
			children = (
				40BCCD766B3F648CFADAD2CB /* Pods_ONEMORE.framework */,
			);
			name = Frameworks;
			sourceTree = "<group>";
		};
		CEE2269E2FAAFF6D8AEEE407 /* Pods */ = {
			isa = PBXGroup;
			children = (
				4CCA3918ACC8ADEEDBB891BA /* Pods-ONEMORE.debug.xcconfig */,
				EB86BEADCF161296C32398CB /* Pods-ONEMORE.release.xcconfig */,
			);
			path = Pods;
			sourceTree = "<group>";
		};
		DAA6050C263BE7C8009D1101 = {
			isa = PBXGroup;
			children = (
				DAA60517263BE7C8009D1101 /* ONEMORE */,
				DAA60516263BE7C8009D1101 /* Products */,
				CEE2269E2FAAFF6D8AEEE407 /* Pods */,
				2C477561D9B44B54A2688C76 /* Frameworks */,
			);
			sourceTree = "<group>";
		};
		DAA60516263BE7C8009D1101 /* Products */ = {
			isa = PBXGroup;
			children = (
				DAA60515263BE7C8009D1101 /* ONEMORE.app */,
			);
			name = Products;
			sourceTree = "<group>";
		};
		DAA60517263BE7C8009D1101 /* ONEMORE */ = {
			isa = PBXGroup;
			children = (
				DAA6053C263D0923009D1101 /* Data */,
				DAA60518263BE7C8009D1101 /* AppDelegate.swift */,
				DAA6051A263BE7C8009D1101 /* SceneDelegate.swift */,
				DAA6051E263BE7C8009D1101 /* Main.storyboard */,
				DAA60524263BE7CA009D1101 /* Assets.xcassets */,
				DAA60526263BE7CA009D1101 /* LaunchScreen.storyboard */,
				DAA60529263BE7CA009D1101 /* Info.plist */,
				DAA60521263BE7C8009D1101 /* ONEMORE.xcdatamodeld */,
				DAA60534263C2FAF009D1101 /* MemoTableViewController.swift */,
				DAA60536263CEAFE009D1101 /* ComposeViewController.swift */,
				DAA60538263CF445009D1101 /* UIViewController+Alert.swift */,
				DAA6053A263CFDC0009D1101 /* DetailViewController.swift */,
				DA875A5E2640019E003D9A5F /* CalendarViewController.swift */,
				DAAE3C8026807BC300029943 /* NotificationTableViewController.swift */,
				DAAE3C8426807FC900029943 /* notiComposeViewController.swift */,
				DAAE3C862680883300029943 /* notiDetailViewController.swift */,
				DA82781926809A4800A88FFB /* settingTableViewController.swift */,
			);
			path = ONEMORE;
			sourceTree = "<group>";
		};
		DAA6053C263D0923009D1101 /* Data */ = {
			isa = PBXGroup;
			children = (
				DAA6053D263D0937009D1101 /* DataManager.swift */,
				DAAE3C8226807C2400029943 /* notiDataManager.swift */,
			);
			path = Data;
			sourceTree = "<group>";
		};
/* End PBXGroup section */

/* Begin PBXNativeTarget section */
		DAA60514263BE7C8009D1101 /* ONEMORE */ = {
			isa = PBXNativeTarget;
			buildConfigurationList = DAA6052C263BE7CA009D1101 /* Build configuration list for PBXNativeTarget "ONEMORE" */;
			buildPhases = (
				1B0F355B7E668D0AF6B7CD1D /* [CP] Check Pods Manifest.lock */,
				DAA60511263BE7C8009D1101 /* Sources */,
				DAA60512263BE7C8009D1101 /* Frameworks */,
				DAA60513263BE7C8009D1101 /* Resources */,
				6602DD986579C08BE05B3983 /* [CP] Embed Pods Frameworks */,
			);
			buildRules = (
			);
			dependencies = (
			);
			name = ONEMORE;
			productName = ONEMORE;
			productReference = DAA60515263BE7C8009D1101 /* ONEMORE.app */;
			productType = "com.apple.product-type.application";
		};
/* End PBXNativeTarget section */

/* Begin PBXProject section */
		DAA6050D263BE7C8009D1101 /* Project object */ = {
			isa = PBXProject;
			attributes = {
				LastSwiftUpdateCheck = 1250;
				LastUpgradeCheck = 1250;
				TargetAttributes = {
					DAA60514263BE7C8009D1101 = {
						CreatedOnToolsVersion = 12.5;
					};
				};
			};
			buildConfigurationList = DAA60510263BE7C8009D1101 /* Build configuration list for PBXProject "ONEMORE" */;
			compatibilityVersion = "Xcode 9.3";
			developmentRegion = en;
			hasScannedForEncodings = 0;
			knownRegions = (
				en,
				Base,
			);
			mainGroup = DAA6050C263BE7C8009D1101;
			productRefGroup = DAA60516263BE7C8009D1101 /* Products */;
			projectDirPath = "";
			projectRoot = "";
			targets = (
				DAA60514263BE7C8009D1101 /* ONEMORE */,
			);
		};
/* End PBXProject section */

/* Begin PBXResourcesBuildPhase section */
		DAA60513263BE7C8009D1101 /* Resources */ = {
			isa = PBXResourcesBuildPhase;
			buildActionMask = 2147483647;
			files = (
				DAA60528263BE7CA009D1101 /* LaunchScreen.storyboard in Resources */,
				DAA60525263BE7CA009D1101 /* Assets.xcassets in Resources */,
				DAA60520263BE7C8009D1101 /* Main.storyboard in Resources */,
			);
			runOnlyForDeploymentPostprocessing = 0;
		};
/* End PBXResourcesBuildPhase section */

/* Begin PBXShellScriptBuildPhase section */
		1B0F355B7E668D0AF6B7CD1D /* [CP] Check Pods Manifest.lock */ = {
			isa = PBXShellScriptBuildPhase;
			buildActionMask = 2147483647;
			files = (
			);
			inputFileListPaths = (
			);
			inputPaths = (
				"${PODS_PODFILE_DIR_PATH}/Podfile.lock",
				"${PODS_ROOT}/Manifest.lock",
			);
			name = "[CP] Check Pods Manifest.lock";
			outputFileListPaths = (
			);
			outputPaths = (
				"$(DERIVED_FILE_DIR)/Pods-ONEMORE-checkManifestLockResult.txt",
			);
			runOnlyForDeploymentPostprocessing = 0;
			shellPath = /bin/sh;
			shellScript = "diff \"${PODS_PODFILE_DIR_PATH}/Podfile.lock\" \"${PODS_ROOT}/Manifest.lock\" > /dev/null\nif [ $? != 0 ] ; then\n    # print error to STDERR\n    echo \"error: The sandbox is not in sync with the Podfile.lock. Run 'pod install' or update your CocoaPods installation.\" >&2\n    exit 1\nfi\n# This output is used by Xcode 'outputs' to avoid re-running this script phase.\necho \"SUCCESS\" > \"${SCRIPT_OUTPUT_FILE_0}\"\n";
			showEnvVarsInLog = 0;
		};
		6602DD986579C08BE05B3983 /* [CP] Embed Pods Frameworks */ = {
			isa = PBXShellScriptBuildPhase;
			buildActionMask = 2147483647;
			files = (
			);
			inputFileListPaths = (
				"${PODS_ROOT}/Target Support Files/Pods-ONEMORE/Pods-ONEMORE-frameworks-${CONFIGURATION}-input-files.xcfilelist",
			);
			name = "[CP] Embed Pods Frameworks";
			outputFileListPaths = (
				"${PODS_ROOT}/Target Support Files/Pods-ONEMORE/Pods-ONEMORE-frameworks-${CONFIGURATION}-output-files.xcfilelist",
			);
			runOnlyForDeploymentPostprocessing = 0;
			shellPath = /bin/sh;
			shellScript = "\"${PODS_ROOT}/Target Support Files/Pods-ONEMORE/Pods-ONEMORE-frameworks.sh\"\n";
			showEnvVarsInLog = 0;
		};
/* End PBXShellScriptBuildPhase section */

/* Begin PBXSourcesBuildPhase section */
		DAA60511263BE7C8009D1101 /* Sources */ = {
			isa = PBXSourcesBuildPhase;
			buildActionMask = 2147483647;
			files = (
				DA82781A26809A4800A88FFB /* settingTableViewController.swift in Sources */,
				DA875A5F2640019E003D9A5F /* CalendarViewController.swift in Sources */,
				DAA60535263C2FAF009D1101 /* MemoTableViewController.swift in Sources */,
				DAA60523263BE7C8009D1101 /* ONEMORE.xcdatamodeld in Sources */,
				DAA60519263BE7C8009D1101 /* AppDelegate.swift in Sources */,
				DAA60537263CEAFE009D1101 /* ComposeViewController.swift in Sources */,
				DAA6051B263BE7C8009D1101 /* SceneDelegate.swift in Sources */,
				DAAE3C8126807BC300029943 /* NotificationTableViewController.swift in Sources */,
				DAA60539263CF445009D1101 /* UIViewController+Alert.swift in Sources */,
				DAA6053E263D0937009D1101 /* DataManager.swift in Sources */,
				DAAE3C872680883300029943 /* notiDetailViewController.swift in Sources */,
				DAAE3C8526807FC900029943 /* notiComposeViewController.swift in Sources */,
				DAA6053B263CFDC0009D1101 /* DetailViewController.swift in Sources */,
				DAAE3C8326807C2400029943 /* notiDataManager.swift in Sources */,
			);
			runOnlyForDeploymentPostprocessing = 0;
		};
/* End PBXSourcesBuildPhase section */

/* Begin PBXVariantGroup section */
		DAA6051E263BE7C8009D1101 /* Main.storyboard */ = {
			isa = PBXVariantGroup;
			children = (
				DAA6051F263BE7C8009D1101 /* Base */,
			);
			name = Main.storyboard;
			sourceTree = "<group>";
		};
		DAA60526263BE7CA009D1101 /* LaunchScreen.storyboard */ = {
			isa = PBXVariantGroup;
			children = (
				DAA60527263BE7CA009D1101 /* Base */,
			);
			name = LaunchScreen.storyboard;
			sourceTree = "<group>";
		};
/* End PBXVariantGroup section */

/* Begin XCBuildConfiguration section */
		DAA6052A263BE7CA009D1101 /* Debug */ = {
			isa = XCBuildConfiguration;
			buildSettings = {
				ALWAYS_SEARCH_USER_PATHS = NO;
				CLANG_ANALYZER_NONNULL = YES;
				CLANG_ANALYZER_NUMBER_OBJECT_CONVERSION = YES_AGGRESSIVE;
				CLANG_CXX_LANGUAGE_STANDARD = "gnu++14";
				CLANG_CXX_LIBRARY = "libc++";
				CLANG_ENABLE_MODULES = YES;
				CLANG_ENABLE_OBJC_ARC = YES;
				CLANG_ENABLE_OBJC_WEAK = YES;
				CLANG_WARN_BLOCK_CAPTURE_AUTORELEASING = YES;
				CLANG_WARN_BOOL_CONVERSION = YES;
				CLANG_WARN_COMMA = YES;
				CLANG_WARN_CONSTANT_CONVERSION = YES;
				CLANG_WARN_DEPRECATED_OBJC_IMPLEMENTATIONS = YES;
				CLANG_WARN_DIRECT_OBJC_ISA_USAGE = YES_ERROR;
				CLANG_WARN_DOCUMENTATION_COMMENTS = YES;
				CLANG_WARN_EMPTY_BODY = YES;
				CLANG_WARN_ENUM_CONVERSION = YES;
				CLANG_WARN_INFINITE_RECURSION = YES;
				CLANG_WARN_INT_CONVERSION = YES;
				CLANG_WARN_NON_LITERAL_NULL_CONVERSION = YES;
				CLANG_WARN_OBJC_IMPLICIT_RETAIN_SELF = YES;
				CLANG_WARN_OBJC_LITERAL_CONVERSION = YES;
				CLANG_WARN_OBJC_ROOT_CLASS = YES_ERROR;
				CLANG_WARN_QUOTED_INCLUDE_IN_FRAMEWORK_HEADER = YES;
				CLANG_WARN_RANGE_LOOP_ANALYSIS = YES;
				CLANG_WARN_STRICT_PROTOTYPES = YES;
				CLANG_WARN_SUSPICIOUS_MOVE = YES;
				CLANG_WARN_UNGUARDED_AVAILABILITY = YES_AGGRESSIVE;
				CLANG_WARN_UNREACHABLE_CODE = YES;
				CLANG_WARN__DUPLICATE_METHOD_MATCH = YES;
				COPY_PHASE_STRIP = NO;
				DEBUG_INFORMATION_FORMAT = dwarf;
				ENABLE_STRICT_OBJC_MSGSEND = YES;
				ENABLE_TESTABILITY = YES;
				GCC_C_LANGUAGE_STANDARD = gnu11;
				GCC_DYNAMIC_NO_PIC = NO;
				GCC_NO_COMMON_BLOCKS = YES;
				GCC_OPTIMIZATION_LEVEL = 0;
				GCC_PREPROCESSOR_DEFINITIONS = (
					"DEBUG=1",
					"$(inherited)",
				);
				GCC_WARN_64_TO_32_BIT_CONVERSION = YES;
				GCC_WARN_ABOUT_RETURN_TYPE = YES_ERROR;
				GCC_WARN_UNDECLARED_SELECTOR = YES;
				GCC_WARN_UNINITIALIZED_AUTOS = YES_AGGRESSIVE;
				GCC_WARN_UNUSED_FUNCTION = YES;
				GCC_WARN_UNUSED_VARIABLE = YES;
				IPHONEOS_DEPLOYMENT_TARGET = 13.0;
				MTL_ENABLE_DEBUG_INFO = INCLUDE_SOURCE;
				MTL_FAST_MATH = YES;
				ONLY_ACTIVE_ARCH = YES;
				SDKROOT = iphoneos;
				SWIFT_ACTIVE_COMPILATION_CONDITIONS = DEBUG;
				SWIFT_OPTIMIZATION_LEVEL = "-Onone";
			};
			name = Debug;
		};
		DAA6052B263BE7CA009D1101 /* Release */ = {
			isa = XCBuildConfiguration;
			buildSettings = {
				ALWAYS_SEARCH_USER_PATHS = NO;
				CLANG_ANALYZER_NONNULL = YES;
				CLANG_ANALYZER_NUMBER_OBJECT_CONVERSION = YES_AGGRESSIVE;
				CLANG_CXX_LANGUAGE_STANDARD = "gnu++14";
				CLANG_CXX_LIBRARY = "libc++";
				CLANG_ENABLE_MODULES = YES;
				CLANG_ENABLE_OBJC_ARC = YES;
				CLANG_ENABLE_OBJC_WEAK = YES;
				CLANG_WARN_BLOCK_CAPTURE_AUTORELEASING = YES;
				CLANG_WARN_BOOL_CONVERSION = YES;
				CLANG_WARN_COMMA = YES;
				CLANG_WARN_CONSTANT_CONVERSION = YES;
				CLANG_WARN_DEPRECATED_OBJC_IMPLEMENTATIONS = YES;
				CLANG_WARN_DIRECT_OBJC_ISA_USAGE = YES_ERROR;
				CLANG_WARN_DOCUMENTATION_COMMENTS = YES;
				CLANG_WARN_EMPTY_BODY = YES;
				CLANG_WARN_ENUM_CONVERSION = YES;
				CLANG_WARN_INFINITE_RECURSION = YES;
				CLANG_WARN_INT_CONVERSION = YES;
				CLANG_WARN_NON_LITERAL_NULL_CONVERSION = YES;
				CLANG_WARN_OBJC_IMPLICIT_RETAIN_SELF = YES;
				CLANG_WARN_OBJC_LITERAL_CONVERSION = YES;
				CLANG_WARN_OBJC_ROOT_CLASS = YES_ERROR;
				CLANG_WARN_QUOTED_INCLUDE_IN_FRAMEWORK_HEADER = YES;
				CLANG_WARN_RANGE_LOOP_ANALYSIS = YES;
				CLANG_WARN_STRICT_PROTOTYPES = YES;
				CLANG_WARN_SUSPICIOUS_MOVE = YES;
				CLANG_WARN_UNGUARDED_AVAILABILITY = YES_AGGRESSIVE;
				CLANG_WARN_UNREACHABLE_CODE = YES;
				CLANG_WARN__DUPLICATE_METHOD_MATCH = YES;
				COPY_PHASE_STRIP = NO;
				DEBUG_INFORMATION_FORMAT = "dwarf-with-dsym";
				ENABLE_NS_ASSERTIONS = NO;
				ENABLE_STRICT_OBJC_MSGSEND = YES;
				GCC_C_LANGUAGE_STANDARD = gnu11;
				GCC_NO_COMMON_BLOCKS = YES;
				GCC_WARN_64_TO_32_BIT_CONVERSION = YES;
				GCC_WARN_ABOUT_RETURN_TYPE = YES_ERROR;
				GCC_WARN_UNDECLARED_SELECTOR = YES;
				GCC_WARN_UNINITIALIZED_AUTOS = YES_AGGRESSIVE;
				GCC_WARN_UNUSED_FUNCTION = YES;
				GCC_WARN_UNUSED_VARIABLE = YES;
				IPHONEOS_DEPLOYMENT_TARGET = 13.0;
				MTL_ENABLE_DEBUG_INFO = NO;
				MTL_FAST_MATH = YES;
				SDKROOT = iphoneos;
				SWIFT_COMPILATION_MODE = wholemodule;
				SWIFT_OPTIMIZATION_LEVEL = "-O";
				VALIDATE_PRODUCT = YES;
			};
			name = Release;
		};
		DAA6052D263BE7CA009D1101 /* Debug */ = {
			isa = XCBuildConfiguration;
			baseConfigurationReference = 4CCA3918ACC8ADEEDBB891BA /* Pods-ONEMORE.debug.xcconfig */;
			buildSettings = {
				ASSETCATALOG_COMPILER_APPICON_NAME = AppIcon;
				ASSETCATALOG_COMPILER_GLOBAL_ACCENT_COLOR_NAME = AccentColor;
				CODE_SIGN_STYLE = Automatic;
				DEVELOPMENT_TEAM = TH3ZPR9PUK;
				INFOPLIST_FILE = ONEMORE/Info.plist;
				IPHONEOS_DEPLOYMENT_TARGET = 11.4;
				LD_RUNPATH_SEARCH_PATHS = (
					"$(inherited)",
					"@executable_path/Frameworks",
				);
				PRODUCT_BUNDLE_IDENTIFIER = com.ONEMORE;
				PRODUCT_NAME = "$(TARGET_NAME)";
				SWIFT_VERSION = 5.0;
				TARGETED_DEVICE_FAMILY = "1,2";
			};
			name = Debug;
		};
		DAA6052E263BE7CA009D1101 /* Release */ = {
			isa = XCBuildConfiguration;
			baseConfigurationReference = EB86BEADCF161296C32398CB /* Pods-ONEMORE.release.xcconfig */;
			buildSettings = {
				ASSETCATALOG_COMPILER_APPICON_NAME = AppIcon;
				ASSETCATALOG_COMPILER_GLOBAL_ACCENT_COLOR_NAME = AccentColor;
				CODE_SIGN_STYLE = Automatic;
				DEVELOPMENT_TEAM = TH3ZPR9PUK;
				INFOPLIST_FILE = ONEMORE/Info.plist;
				IPHONEOS_DEPLOYMENT_TARGET = 11.4;
				LD_RUNPATH_SEARCH_PATHS = (
					"$(inherited)",
					"@executable_path/Frameworks",
				);
				PRODUCT_BUNDLE_IDENTIFIER = com.ONEMORE;
				PRODUCT_NAME = "$(TARGET_NAME)";
				SWIFT_VERSION = 5.0;
				TARGETED_DEVICE_FAMILY = "1,2";
			};
			name = Release;
		};
/* End XCBuildConfiguration section */

/* Begin XCConfigurationList section */
		DAA60510263BE7C8009D1101 /* Build configuration list for PBXProject "ONEMORE" */ = {
			isa = XCConfigurationList;
			buildConfigurations = (
				DAA6052A263BE7CA009D1101 /* Debug */,
				DAA6052B263BE7CA009D1101 /* Release */,
			);
			defaultConfigurationIsVisible = 0;
			defaultConfigurationName = Release;
		};
		DAA6052C263BE7CA009D1101 /* Build configuration list for PBXNativeTarget "ONEMORE" */ = {
			isa = XCConfigurationList;
			buildConfigurations = (
				DAA6052D263BE7CA009D1101 /* Debug */,
				DAA6052E263BE7CA009D1101 /* Release */,
			);
			defaultConfigurationIsVisible = 0;
			defaultConfigurationName = Release;
		};
/* End XCConfigurationList section */

/* Begin XCVersionGroup section */
		DAA60521263BE7C8009D1101 /* ONEMORE.xcdatamodeld */ = {
			isa = XCVersionGroup;
			children = (
				DAA60522263BE7C8009D1101 /* ONEMORE.xcdatamodel */,
			);
			currentVersion = DAA60522263BE7C8009D1101 /* ONEMORE.xcdatamodel */;
			path = ONEMORE.xcdatamodeld;
			sourceTree = "<group>";
			versionGroupType = wrapper.xcdatamodel;
		};
/* End XCVersionGroup section */
	};
	rootObject = DAA6050D263BE7C8009D1101 /* Project object */;
}
